// !$*UTF8*$!
{
	archiveVersion = 1;
	classes = {
	};
	objectVersion = 50;
	objects = {

/* Begin PBXBuildFile section */
		06301B4220A6D309003580CA /* XFCameraButton.m in Sources */ = {isa = PBXBuildFile; fileRef = 06301B3A20A6D309003580CA /* XFCameraButton.m */; };
		06301B4320A6D309003580CA /* XFCameraController.m in Sources */ = {isa = PBXBuildFile; fileRef = 06301B3C20A6D309003580CA /* XFCameraController.m */; };
		06301B4420A6D309003580CA /* XFCameraController.xib in Resources */ = {isa = PBXBuildFile; fileRef = 06301B3D20A6D309003580CA /* XFCameraController.xib */; };
		06301B4520A6D309003580CA /* XFPhotoLibraryManager.m in Sources */ = {isa = PBXBuildFile; fileRef = 06301B4120A6D309003580CA /* XFPhotoLibraryManager.m */; };
		06301B4820A6E07E003580CA /* DTieEditFooterView.m in Sources */ = {isa = PBXBuildFile; fileRef = 06301B4720A6E07E003580CA /* DTieEditFooterView.m */; };
		06301B4B20A88242003580CA /* MYWalletViewController.m in Sources */ = {isa = PBXBuildFile; fileRef = 06301B4A20A88242003580CA /* MYWalletViewController.m */; };
		06301B4E20A89091003580CA /* AchievementViewController.m in Sources */ = {isa = PBXBuildFile; fileRef = 06301B4D20A89091003580CA /* AchievementViewController.m */; };
		06301B5120A89118003580CA /* AchievementCollectionCell.m in Sources */ = {isa = PBXBuildFile; fileRef = 06301B5020A89118003580CA /* AchievementCollectionCell.m */; };
		064F0B3F20A48233007C0A4F /* MineHeaderView.m in Sources */ = {isa = PBXBuildFile; fileRef = 064F0B3E20A48233007C0A4F /* MineHeaderView.m */; };
		064F0B4320A4898C007C0A4F /* MainTableViewCell.m in Sources */ = {isa = PBXBuildFile; fileRef = 064F0B4220A4898C007C0A4F /* MainTableViewCell.m */; };
		064F0B4620A489BB007C0A4F /* MineMenuModel.m in Sources */ = {isa = PBXBuildFile; fileRef = 064F0B4520A489BB007C0A4F /* MineMenuModel.m */; };
		064F0B4B20A49682007C0A4F /* MineInfoViewController.m in Sources */ = {isa = PBXBuildFile; fileRef = 064F0B4A20A49682007C0A4F /* MineInfoViewController.m */; };
		064F0B4E20A49A59007C0A4F /* MineEditTableViewCell.m in Sources */ = {isa = PBXBuildFile; fileRef = 064F0B4D20A49A59007C0A4F /* MineEditTableViewCell.m */; };
		064F0B5120A49ADC007C0A4F /* DDEditTextField.m in Sources */ = {isa = PBXBuildFile; fileRef = 064F0B5020A49ADC007C0A4F /* DDEditTextField.m */; };
		06733F3420A28BD9007875A7 /* AppDelegate.m in Sources */ = {isa = PBXBuildFile; fileRef = 06733F3320A28BD9007875A7 /* AppDelegate.m */; };
		06733F3C20A28BDA007875A7 /* Assets.xcassets in Resources */ = {isa = PBXBuildFile; fileRef = 06733F3B20A28BDA007875A7 /* Assets.xcassets */; };
		06733F3F20A28BDA007875A7 /* LaunchScreen.storyboard in Resources */ = {isa = PBXBuildFile; fileRef = 06733F3D20A28BDA007875A7 /* LaunchScreen.storyboard */; };
		06733F4220A28BDA007875A7 /* main.m in Sources */ = {isa = PBXBuildFile; fileRef = 06733F4120A28BDA007875A7 /* main.m */; };
		06733F4C20A28BDA007875A7 /* DeeDaoTests.m in Sources */ = {isa = PBXBuildFile; fileRef = 06733F4B20A28BDA007875A7 /* DeeDaoTests.m */; };
		06733F5720A28BDB007875A7 /* DeeDaoUITests.m in Sources */ = {isa = PBXBuildFile; fileRef = 06733F5620A28BDB007875A7 /* DeeDaoUITests.m */; };
		06733F6B20A291C0007875A7 /* DDViewController.m in Sources */ = {isa = PBXBuildFile; fileRef = 06733F6A20A291C0007875A7 /* DDViewController.m */; };
		06733F7020A29379007875A7 /* BG.png in Resources */ = {isa = PBXBuildFile; fileRef = 06733F6F20A29379007875A7 /* BG.png */; };
		06733F7320A293B9007875A7 /* LoginViewController.m in Sources */ = {isa = PBXBuildFile; fileRef = 06733F7220A293B9007875A7 /* LoginViewController.m */; };
		06733F7920A29FDF007875A7 /* DDViewFactoryTool.m in Sources */ = {isa = PBXBuildFile; fileRef = 06733F7820A29FDF007875A7 /* DDViewFactoryTool.m */; };
		06733F7C20A2A73C007875A7 /* DDTabBarController.m in Sources */ = {isa = PBXBuildFile; fileRef = 06733F7A20A2A73B007875A7 /* DDTabBarController.m */; };
		06733F8020A2A767007875A7 /* DDTabBar.m in Sources */ = {isa = PBXBuildFile; fileRef = 06733F7E20A2A767007875A7 /* DDTabBar.m */; };
		06733F8420A2C17D007875A7 /* DDNetworkConfiguration.m in Sources */ = {isa = PBXBuildFile; fileRef = 06733F8320A2C17D007875A7 /* DDNetworkConfiguration.m */; };
		06733F8C20A2C423007875A7 /* ConverUtil.m in Sources */ = {isa = PBXBuildFile; fileRef = 06733F8920A2C423007875A7 /* ConverUtil.m */; };
		06733F8D20A2C423007875A7 /* DesUtil.m in Sources */ = {isa = PBXBuildFile; fileRef = 06733F8B20A2C423007875A7 /* DesUtil.m */; };
		06733F9020A2CB26007875A7 /* DDTool.m in Sources */ = {isa = PBXBuildFile; fileRef = 06733F8F20A2CB26007875A7 /* DDTool.m */; };
		06733F9420A2D042007875A7 /* MBProgressHUD+DDHUD.m in Sources */ = {isa = PBXBuildFile; fileRef = 06733F9320A2D042007875A7 /* MBProgressHUD+DDHUD.m */; };
		06733F9820A2D748007875A7 /* UserManager.m in Sources */ = {isa = PBXBuildFile; fileRef = 06733F9720A2D748007875A7 /* UserManager.m */; };
		06733F9B20A2E82D007875A7 /* WeChatManager.m in Sources */ = {isa = PBXBuildFile; fileRef = 06733F9A20A2E82D007875A7 /* WeChatManager.m */; };
		06733F9F20A2EB4D007875A7 /* UserLoginWXRequest.m in Sources */ = {isa = PBXBuildFile; fileRef = 06733F9E20A2EB4D007875A7 /* UserLoginWXRequest.m */; };
		06733FA220A2FD77007875A7 /* UserModel.m in Sources */ = {isa = PBXBuildFile; fileRef = 06733FA120A2FD77007875A7 /* UserModel.m */; };
		06733FA520A30D72007875A7 /* DDDTieViewController.m in Sources */ = {isa = PBXBuildFile; fileRef = 06733FA420A30D72007875A7 /* DDDTieViewController.m */; };
		06733FA820A30DD5007875A7 /* DDNavigationViewController.m in Sources */ = {isa = PBXBuildFile; fileRef = 06733FA720A30DD5007875A7 /* DDNavigationViewController.m */; };
		06733FAB20A316A8007875A7 /* DDTabHomeViewController.m in Sources */ = {isa = PBXBuildFile; fileRef = 06733FAA20A316A8007875A7 /* DDTabHomeViewController.m */; };
		06790B3720A3ECEE00929228 /* DTieCollectionViewCell.m in Sources */ = {isa = PBXBuildFile; fileRef = 06790B3620A3ECEE00929228 /* DTieCollectionViewCell.m */; };
		06790B3E20A4418A00929228 /* DTieModel.m in Sources */ = {isa = PBXBuildFile; fileRef = 06790B3D20A4418A00929228 /* DTieModel.m */; };
		06DAB76520A34C880055FA60 /* DDFoundViewController.m in Sources */ = {isa = PBXBuildFile; fileRef = 06DAB76420A34C880055FA60 /* DDFoundViewController.m */; };
		06DAB76820A3539A0055FA60 /* DDMailViewController.m in Sources */ = {isa = PBXBuildFile; fileRef = 06DAB76720A3539A0055FA60 /* DDMailViewController.m */; };
		06DAB76B20A35A120055FA60 /* DDMineViewController.m in Sources */ = {isa = PBXBuildFile; fileRef = 06DAB76A20A35A120055FA60 /* DDMineViewController.m */; };
		06FCD62820A53F7300E6EAA4 /* DTieEditViewController.m in Sources */ = {isa = PBXBuildFile; fileRef = 06FCD62720A53F7300E6EAA4 /* DTieEditViewController.m */; };
		06FCD62C20A54C8500E6EAA4 /* DTieEditModel.m in Sources */ = {isa = PBXBuildFile; fileRef = 06FCD62B20A54C8500E6EAA4 /* DTieEditModel.m */; };
		06FCD63420A5528500E6EAA4 /* RDTextView.m in Sources */ = {isa = PBXBuildFile; fileRef = 06FCD63220A5528500E6EAA4 /* RDTextView.m */; };
		06FCD63720A55C8F00E6EAA4 /* DTieEditTableViewCell.m in Sources */ = {isa = PBXBuildFile; fileRef = 06FCD63620A55C8F00E6EAA4 /* DTieEditTableViewCell.m */; };
		06FCD63A20A5844200E6EAA4 /* DTieEditTextViewController.m in Sources */ = {isa = PBXBuildFile; fileRef = 06FCD63920A5844200E6EAA4 /* DTieEditTextViewController.m */; };
		06FCD63D20A5A9E600E6EAA4 /* DTieEditTextTableViewCell.m in Sources */ = {isa = PBXBuildFile; fileRef = 06FCD63C20A5A9E600E6EAA4 /* DTieEditTextTableViewCell.m */; };
		06FCD64020A5B03A00E6EAA4 /* DTieEditImageTableViewCell.m in Sources */ = {isa = PBXBuildFile; fileRef = 06FCD63F20A5B03A00E6EAA4 /* DTieEditImageTableViewCell.m */; };
		822B904317B24E8CB3084F2A /* libPods-DeeDao.a in Frameworks */ = {isa = PBXBuildFile; fileRef = 878A1AB71FF79C284E55F448 /* libPods-DeeDao.a */; };
/* End PBXBuildFile section */

/* Begin PBXContainerItemProxy section */
		06733F4820A28BDA007875A7 /* PBXContainerItemProxy */ = {
			isa = PBXContainerItemProxy;
			containerPortal = 06733F2720A28BD9007875A7 /* Project object */;
			proxyType = 1;
			remoteGlobalIDString = 06733F2E20A28BD9007875A7;
			remoteInfo = DeeDao;
		};
		06733F5320A28BDB007875A7 /* PBXContainerItemProxy */ = {
			isa = PBXContainerItemProxy;
			containerPortal = 06733F2720A28BD9007875A7 /* Project object */;
			proxyType = 1;
			remoteGlobalIDString = 06733F2E20A28BD9007875A7;
			remoteInfo = DeeDao;
		};
/* End PBXContainerItemProxy section */

/* Begin PBXFileReference section */
		06301B3A20A6D309003580CA /* XFCameraButton.m */ = {isa = PBXFileReference; fileEncoding = 4; lastKnownFileType = sourcecode.c.objc; path = XFCameraButton.m; sourceTree = "<group>"; };
		06301B3B20A6D309003580CA /* XFCameraButton.h */ = {isa = PBXFileReference; fileEncoding = 4; lastKnownFileType = sourcecode.c.h; path = XFCameraButton.h; sourceTree = "<group>"; };
		06301B3C20A6D309003580CA /* XFCameraController.m */ = {isa = PBXFileReference; fileEncoding = 4; lastKnownFileType = sourcecode.c.objc; path = XFCameraController.m; sourceTree = "<group>"; };
		06301B3D20A6D309003580CA /* XFCameraController.xib */ = {isa = PBXFileReference; fileEncoding = 4; lastKnownFileType = file.xib; path = XFCameraController.xib; sourceTree = "<group>"; };
		06301B3E20A6D309003580CA /* XFCameraController.h */ = {isa = PBXFileReference; fileEncoding = 4; lastKnownFileType = sourcecode.c.h; path = XFCameraController.h; sourceTree = "<group>"; };
		06301B4020A6D309003580CA /* XFPhotoLibraryManager.h */ = {isa = PBXFileReference; fileEncoding = 4; lastKnownFileType = sourcecode.c.h; path = XFPhotoLibraryManager.h; sourceTree = "<group>"; };
		06301B4120A6D309003580CA /* XFPhotoLibraryManager.m */ = {isa = PBXFileReference; fileEncoding = 4; lastKnownFileType = sourcecode.c.objc; path = XFPhotoLibraryManager.m; sourceTree = "<group>"; };
		06301B4620A6E07E003580CA /* DTieEditFooterView.h */ = {isa = PBXFileReference; lastKnownFileType = sourcecode.c.h; path = DTieEditFooterView.h; sourceTree = "<group>"; };
		06301B4720A6E07E003580CA /* DTieEditFooterView.m */ = {isa = PBXFileReference; lastKnownFileType = sourcecode.c.objc; path = DTieEditFooterView.m; sourceTree = "<group>"; };
		06301B4920A88242003580CA /* MYWalletViewController.h */ = {isa = PBXFileReference; lastKnownFileType = sourcecode.c.h; path = MYWalletViewController.h; sourceTree = "<group>"; };
		06301B4A20A88242003580CA /* MYWalletViewController.m */ = {isa = PBXFileReference; lastKnownFileType = sourcecode.c.objc; path = MYWalletViewController.m; sourceTree = "<group>"; };
		06301B4C20A89091003580CA /* AchievementViewController.h */ = {isa = PBXFileReference; lastKnownFileType = sourcecode.c.h; path = AchievementViewController.h; sourceTree = "<group>"; };
		06301B4D20A89091003580CA /* AchievementViewController.m */ = {isa = PBXFileReference; lastKnownFileType = sourcecode.c.objc; path = AchievementViewController.m; sourceTree = "<group>"; };
		06301B4F20A89118003580CA /* AchievementCollectionCell.h */ = {isa = PBXFileReference; lastKnownFileType = sourcecode.c.h; path = AchievementCollectionCell.h; sourceTree = "<group>"; };
		06301B5020A89118003580CA /* AchievementCollectionCell.m */ = {isa = PBXFileReference; lastKnownFileType = sourcecode.c.objc; path = AchievementCollectionCell.m; sourceTree = "<group>"; };
		064F0B3D20A48233007C0A4F /* MineHeaderView.h */ = {isa = PBXFileReference; lastKnownFileType = sourcecode.c.h; path = MineHeaderView.h; sourceTree = "<group>"; };
		064F0B3E20A48233007C0A4F /* MineHeaderView.m */ = {isa = PBXFileReference; lastKnownFileType = sourcecode.c.objc; path = MineHeaderView.m; sourceTree = "<group>"; };
		064F0B4120A4898C007C0A4F /* MainTableViewCell.h */ = {isa = PBXFileReference; lastKnownFileType = sourcecode.c.h; path = MainTableViewCell.h; sourceTree = "<group>"; };
		064F0B4220A4898C007C0A4F /* MainTableViewCell.m */ = {isa = PBXFileReference; lastKnownFileType = sourcecode.c.objc; path = MainTableViewCell.m; sourceTree = "<group>"; };
		064F0B4420A489BB007C0A4F /* MineMenuModel.h */ = {isa = PBXFileReference; lastKnownFileType = sourcecode.c.h; path = MineMenuModel.h; sourceTree = "<group>"; };
		064F0B4520A489BB007C0A4F /* MineMenuModel.m */ = {isa = PBXFileReference; lastKnownFileType = sourcecode.c.objc; path = MineMenuModel.m; sourceTree = "<group>"; };
		064F0B4920A49682007C0A4F /* MineInfoViewController.h */ = {isa = PBXFileReference; lastKnownFileType = sourcecode.c.h; path = MineInfoViewController.h; sourceTree = "<group>"; };
		064F0B4A20A49682007C0A4F /* MineInfoViewController.m */ = {isa = PBXFileReference; lastKnownFileType = sourcecode.c.objc; path = MineInfoViewController.m; sourceTree = "<group>"; };
		064F0B4C20A49A59007C0A4F /* MineEditTableViewCell.h */ = {isa = PBXFileReference; lastKnownFileType = sourcecode.c.h; path = MineEditTableViewCell.h; sourceTree = "<group>"; };
		064F0B4D20A49A59007C0A4F /* MineEditTableViewCell.m */ = {isa = PBXFileReference; lastKnownFileType = sourcecode.c.objc; path = MineEditTableViewCell.m; sourceTree = "<group>"; };
		064F0B4F20A49ADC007C0A4F /* DDEditTextField.h */ = {isa = PBXFileReference; lastKnownFileType = sourcecode.c.h; path = DDEditTextField.h; sourceTree = "<group>"; };
		064F0B5020A49ADC007C0A4F /* DDEditTextField.m */ = {isa = PBXFileReference; lastKnownFileType = sourcecode.c.objc; path = DDEditTextField.m; sourceTree = "<group>"; };
		06733F2F20A28BD9007875A7 /* DeeDao.app */ = {isa = PBXFileReference; explicitFileType = wrapper.application; includeInIndex = 0; path = DeeDao.app; sourceTree = BUILT_PRODUCTS_DIR; };
		06733F3220A28BD9007875A7 /* AppDelegate.h */ = {isa = PBXFileReference; lastKnownFileType = sourcecode.c.h; path = AppDelegate.h; sourceTree = "<group>"; };
		06733F3320A28BD9007875A7 /* AppDelegate.m */ = {isa = PBXFileReference; lastKnownFileType = sourcecode.c.objc; path = AppDelegate.m; sourceTree = "<group>"; };
		06733F3B20A28BDA007875A7 /* Assets.xcassets */ = {isa = PBXFileReference; lastKnownFileType = folder.assetcatalog; path = Assets.xcassets; sourceTree = "<group>"; };
		06733F3E20A28BDA007875A7 /* Base */ = {isa = PBXFileReference; lastKnownFileType = file.storyboard; name = Base; path = Base.lproj/LaunchScreen.storyboard; sourceTree = "<group>"; };
		06733F4020A28BDA007875A7 /* Info.plist */ = {isa = PBXFileReference; lastKnownFileType = text.plist.xml; path = Info.plist; sourceTree = "<group>"; };
		06733F4120A28BDA007875A7 /* main.m */ = {isa = PBXFileReference; lastKnownFileType = sourcecode.c.objc; path = main.m; sourceTree = "<group>"; };
		06733F4720A28BDA007875A7 /* DeeDaoTests.xctest */ = {isa = PBXFileReference; explicitFileType = wrapper.cfbundle; includeInIndex = 0; path = DeeDaoTests.xctest; sourceTree = BUILT_PRODUCTS_DIR; };
		06733F4B20A28BDA007875A7 /* DeeDaoTests.m */ = {isa = PBXFileReference; lastKnownFileType = sourcecode.c.objc; path = DeeDaoTests.m; sourceTree = "<group>"; };
		06733F4D20A28BDB007875A7 /* Info.plist */ = {isa = PBXFileReference; lastKnownFileType = text.plist.xml; path = Info.plist; sourceTree = "<group>"; };
		06733F5220A28BDB007875A7 /* DeeDaoUITests.xctest */ = {isa = PBXFileReference; explicitFileType = wrapper.cfbundle; includeInIndex = 0; path = DeeDaoUITests.xctest; sourceTree = BUILT_PRODUCTS_DIR; };
		06733F5620A28BDB007875A7 /* DeeDaoUITests.m */ = {isa = PBXFileReference; lastKnownFileType = sourcecode.c.objc; path = DeeDaoUITests.m; sourceTree = "<group>"; };
		06733F5820A28BDB007875A7 /* Info.plist */ = {isa = PBXFileReference; lastKnownFileType = text.plist.xml; path = Info.plist; sourceTree = "<group>"; };
		06733F6920A291C0007875A7 /* DDViewController.h */ = {isa = PBXFileReference; lastKnownFileType = sourcecode.c.h; path = DDViewController.h; sourceTree = "<group>"; };
		06733F6A20A291C0007875A7 /* DDViewController.m */ = {isa = PBXFileReference; lastKnownFileType = sourcecode.c.objc; path = DDViewController.m; sourceTree = "<group>"; };
		06733F6F20A29379007875A7 /* BG.png */ = {isa = PBXFileReference; lastKnownFileType = image.png; path = BG.png; sourceTree = "<group>"; };
		06733F7120A293B9007875A7 /* LoginViewController.h */ = {isa = PBXFileReference; lastKnownFileType = sourcecode.c.h; path = LoginViewController.h; sourceTree = "<group>"; };
		06733F7220A293B9007875A7 /* LoginViewController.m */ = {isa = PBXFileReference; lastKnownFileType = sourcecode.c.objc; path = LoginViewController.m; sourceTree = "<group>"; };
		06733F7520A29715007875A7 /* DeeDaoPCH.pch */ = {isa = PBXFileReference; lastKnownFileType = sourcecode.c.h; path = DeeDaoPCH.pch; sourceTree = "<group>"; };
		06733F7720A29FDF007875A7 /* DDViewFactoryTool.h */ = {isa = PBXFileReference; lastKnownFileType = sourcecode.c.h; path = DDViewFactoryTool.h; sourceTree = "<group>"; };
		06733F7820A29FDF007875A7 /* DDViewFactoryTool.m */ = {isa = PBXFileReference; lastKnownFileType = sourcecode.c.objc; path = DDViewFactoryTool.m; sourceTree = "<group>"; };
		06733F7A20A2A73B007875A7 /* DDTabBarController.m */ = {isa = PBXFileReference; fileEncoding = 4; lastKnownFileType = sourcecode.c.objc; path = DDTabBarController.m; sourceTree = "<group>"; };
		06733F7B20A2A73C007875A7 /* DDTabBarController.h */ = {isa = PBXFileReference; fileEncoding = 4; lastKnownFileType = sourcecode.c.h; path = DDTabBarController.h; sourceTree = "<group>"; };
		06733F7E20A2A767007875A7 /* DDTabBar.m */ = {isa = PBXFileReference; fileEncoding = 4; lastKnownFileType = sourcecode.c.objc; path = DDTabBar.m; sourceTree = "<group>"; };
		06733F7F20A2A767007875A7 /* DDTabBar.h */ = {isa = PBXFileReference; fileEncoding = 4; lastKnownFileType = sourcecode.c.h; path = DDTabBar.h; sourceTree = "<group>"; };
		06733F8220A2C17D007875A7 /* DDNetworkConfiguration.h */ = {isa = PBXFileReference; lastKnownFileType = sourcecode.c.h; path = DDNetworkConfiguration.h; sourceTree = "<group>"; };
		06733F8320A2C17D007875A7 /* DDNetworkConfiguration.m */ = {isa = PBXFileReference; lastKnownFileType = sourcecode.c.objc; path = DDNetworkConfiguration.m; sourceTree = "<group>"; };
		06733F8820A2C423007875A7 /* DesUtil.h */ = {isa = PBXFileReference; fileEncoding = 4; lastKnownFileType = sourcecode.c.h; path = DesUtil.h; sourceTree = "<group>"; };
		06733F8920A2C423007875A7 /* ConverUtil.m */ = {isa = PBXFileReference; fileEncoding = 4; lastKnownFileType = sourcecode.c.objc; path = ConverUtil.m; sourceTree = "<group>"; };
		06733F8A20A2C423007875A7 /* ConverUtil.h */ = {isa = PBXFileReference; fileEncoding = 4; lastKnownFileType = sourcecode.c.h; path = ConverUtil.h; sourceTree = "<group>"; };
		06733F8B20A2C423007875A7 /* DesUtil.m */ = {isa = PBXFileReference; fileEncoding = 4; lastKnownFileType = sourcecode.c.objc; path = DesUtil.m; sourceTree = "<group>"; };
		06733F8E20A2CB26007875A7 /* DDTool.h */ = {isa = PBXFileReference; lastKnownFileType = sourcecode.c.h; path = DDTool.h; sourceTree = "<group>"; };
		06733F8F20A2CB26007875A7 /* DDTool.m */ = {isa = PBXFileReference; lastKnownFileType = sourcecode.c.objc; path = DDTool.m; sourceTree = "<group>"; };
		06733F9220A2D042007875A7 /* MBProgressHUD+DDHUD.h */ = {isa = PBXFileReference; lastKnownFileType = sourcecode.c.h; path = "MBProgressHUD+DDHUD.h"; sourceTree = "<group>"; };
		06733F9320A2D042007875A7 /* MBProgressHUD+DDHUD.m */ = {isa = PBXFileReference; lastKnownFileType = sourcecode.c.objc; path = "MBProgressHUD+DDHUD.m"; sourceTree = "<group>"; };
		06733F9620A2D748007875A7 /* UserManager.h */ = {isa = PBXFileReference; lastKnownFileType = sourcecode.c.h; path = UserManager.h; sourceTree = "<group>"; };
		06733F9720A2D748007875A7 /* UserManager.m */ = {isa = PBXFileReference; lastKnownFileType = sourcecode.c.objc; path = UserManager.m; sourceTree = "<group>"; };
		06733F9920A2E82D007875A7 /* WeChatManager.h */ = {isa = PBXFileReference; lastKnownFileType = sourcecode.c.h; path = WeChatManager.h; sourceTree = "<group>"; };
		06733F9A20A2E82D007875A7 /* WeChatManager.m */ = {isa = PBXFileReference; lastKnownFileType = sourcecode.c.objc; path = WeChatManager.m; sourceTree = "<group>"; };
		06733F9D20A2EB4D007875A7 /* UserLoginWXRequest.h */ = {isa = PBXFileReference; lastKnownFileType = sourcecode.c.h; path = UserLoginWXRequest.h; sourceTree = "<group>"; };
		06733F9E20A2EB4D007875A7 /* UserLoginWXRequest.m */ = {isa = PBXFileReference; lastKnownFileType = sourcecode.c.objc; path = UserLoginWXRequest.m; sourceTree = "<group>"; };
		06733FA020A2FD77007875A7 /* UserModel.h */ = {isa = PBXFileReference; lastKnownFileType = sourcecode.c.h; path = UserModel.h; sourceTree = "<group>"; };
		06733FA120A2FD77007875A7 /* UserModel.m */ = {isa = PBXFileReference; lastKnownFileType = sourcecode.c.objc; path = UserModel.m; sourceTree = "<group>"; };
		06733FA320A30D72007875A7 /* DDDTieViewController.h */ = {isa = PBXFileReference; lastKnownFileType = sourcecode.c.h; path = DDDTieViewController.h; sourceTree = "<group>"; };
		06733FA420A30D72007875A7 /* DDDTieViewController.m */ = {isa = PBXFileReference; lastKnownFileType = sourcecode.c.objc; path = DDDTieViewController.m; sourceTree = "<group>"; };
		06733FA620A30DD5007875A7 /* DDNavigationViewController.h */ = {isa = PBXFileReference; lastKnownFileType = sourcecode.c.h; path = DDNavigationViewController.h; sourceTree = "<group>"; };
		06733FA720A30DD5007875A7 /* DDNavigationViewController.m */ = {isa = PBXFileReference; lastKnownFileType = sourcecode.c.objc; path = DDNavigationViewController.m; sourceTree = "<group>"; };
		06733FA920A316A8007875A7 /* DDTabHomeViewController.h */ = {isa = PBXFileReference; lastKnownFileType = sourcecode.c.h; path = DDTabHomeViewController.h; sourceTree = "<group>"; };
		06733FAA20A316A8007875A7 /* DDTabHomeViewController.m */ = {isa = PBXFileReference; lastKnownFileType = sourcecode.c.objc; path = DDTabHomeViewController.m; sourceTree = "<group>"; };
		06790B3520A3ECEE00929228 /* DTieCollectionViewCell.h */ = {isa = PBXFileReference; lastKnownFileType = sourcecode.c.h; path = DTieCollectionViewCell.h; sourceTree = "<group>"; };
		06790B3620A3ECEE00929228 /* DTieCollectionViewCell.m */ = {isa = PBXFileReference; lastKnownFileType = sourcecode.c.objc; path = DTieCollectionViewCell.m; sourceTree = "<group>"; };
		06790B3C20A4418A00929228 /* DTieModel.h */ = {isa = PBXFileReference; lastKnownFileType = sourcecode.c.h; path = DTieModel.h; sourceTree = "<group>"; };
		06790B3D20A4418A00929228 /* DTieModel.m */ = {isa = PBXFileReference; lastKnownFileType = sourcecode.c.objc; path = DTieModel.m; sourceTree = "<group>"; };
		06DAB76320A34C880055FA60 /* DDFoundViewController.h */ = {isa = PBXFileReference; lastKnownFileType = sourcecode.c.h; path = DDFoundViewController.h; sourceTree = "<group>"; };
		06DAB76420A34C880055FA60 /* DDFoundViewController.m */ = {isa = PBXFileReference; lastKnownFileType = sourcecode.c.objc; path = DDFoundViewController.m; sourceTree = "<group>"; };
		06DAB76620A3539A0055FA60 /* DDMailViewController.h */ = {isa = PBXFileReference; lastKnownFileType = sourcecode.c.h; path = DDMailViewController.h; sourceTree = "<group>"; };
		06DAB76720A3539A0055FA60 /* DDMailViewController.m */ = {isa = PBXFileReference; lastKnownFileType = sourcecode.c.objc; path = DDMailViewController.m; sourceTree = "<group>"; };
		06DAB76920A35A120055FA60 /* DDMineViewController.h */ = {isa = PBXFileReference; lastKnownFileType = sourcecode.c.h; path = DDMineViewController.h; sourceTree = "<group>"; };
		06DAB76A20A35A120055FA60 /* DDMineViewController.m */ = {isa = PBXFileReference; lastKnownFileType = sourcecode.c.objc; path = DDMineViewController.m; sourceTree = "<group>"; };
		06FCD62620A53F7300E6EAA4 /* DTieEditViewController.h */ = {isa = PBXFileReference; lastKnownFileType = sourcecode.c.h; path = DTieEditViewController.h; sourceTree = "<group>"; };
		06FCD62720A53F7300E6EAA4 /* DTieEditViewController.m */ = {isa = PBXFileReference; lastKnownFileType = sourcecode.c.objc; path = DTieEditViewController.m; sourceTree = "<group>"; };
		06FCD62A20A54C8500E6EAA4 /* DTieEditModel.h */ = {isa = PBXFileReference; lastKnownFileType = sourcecode.c.h; path = DTieEditModel.h; sourceTree = "<group>"; };
		06FCD62B20A54C8500E6EAA4 /* DTieEditModel.m */ = {isa = PBXFileReference; lastKnownFileType = sourcecode.c.objc; path = DTieEditModel.m; sourceTree = "<group>"; };
		06FCD63220A5528500E6EAA4 /* RDTextView.m */ = {isa = PBXFileReference; fileEncoding = 4; lastKnownFileType = sourcecode.c.objc; path = RDTextView.m; sourceTree = "<group>"; };
		06FCD63320A5528500E6EAA4 /* RDTextView.h */ = {isa = PBXFileReference; fileEncoding = 4; lastKnownFileType = sourcecode.c.h; path = RDTextView.h; sourceTree = "<group>"; };
		06FCD63520A55C8F00E6EAA4 /* DTieEditTableViewCell.h */ = {isa = PBXFileReference; lastKnownFileType = sourcecode.c.h; path = DTieEditTableViewCell.h; sourceTree = "<group>"; };
		06FCD63620A55C8F00E6EAA4 /* DTieEditTableViewCell.m */ = {isa = PBXFileReference; lastKnownFileType = sourcecode.c.objc; path = DTieEditTableViewCell.m; sourceTree = "<group>"; };
		06FCD63820A5844200E6EAA4 /* DTieEditTextViewController.h */ = {isa = PBXFileReference; lastKnownFileType = sourcecode.c.h; path = DTieEditTextViewController.h; sourceTree = "<group>"; };
		06FCD63920A5844200E6EAA4 /* DTieEditTextViewController.m */ = {isa = PBXFileReference; lastKnownFileType = sourcecode.c.objc; path = DTieEditTextViewController.m; sourceTree = "<group>"; };
		06FCD63B20A5A9E600E6EAA4 /* DTieEditTextTableViewCell.h */ = {isa = PBXFileReference; lastKnownFileType = sourcecode.c.h; path = DTieEditTextTableViewCell.h; sourceTree = "<group>"; };
		06FCD63C20A5A9E600E6EAA4 /* DTieEditTextTableViewCell.m */ = {isa = PBXFileReference; lastKnownFileType = sourcecode.c.objc; path = DTieEditTextTableViewCell.m; sourceTree = "<group>"; };
		06FCD63E20A5B03A00E6EAA4 /* DTieEditImageTableViewCell.h */ = {isa = PBXFileReference; lastKnownFileType = sourcecode.c.h; path = DTieEditImageTableViewCell.h; sourceTree = "<group>"; };
		06FCD63F20A5B03A00E6EAA4 /* DTieEditImageTableViewCell.m */ = {isa = PBXFileReference; lastKnownFileType = sourcecode.c.objc; path = DTieEditImageTableViewCell.m; sourceTree = "<group>"; };
		878A1AB71FF79C284E55F448 /* libPods-DeeDao.a */ = {isa = PBXFileReference; explicitFileType = archive.ar; includeInIndex = 0; path = "libPods-DeeDao.a"; sourceTree = BUILT_PRODUCTS_DIR; };
		BD1D15A13B00DC07B1DE46A2 /* Pods-DeeDao.debug.xcconfig */ = {isa = PBXFileReference; includeInIndex = 1; lastKnownFileType = text.xcconfig; name = "Pods-DeeDao.debug.xcconfig"; path = "Pods/Target Support Files/Pods-DeeDao/Pods-DeeDao.debug.xcconfig"; sourceTree = "<group>"; };
		F5C498393C9A7DEB14D7B28F /* Pods-DeeDao.release.xcconfig */ = {isa = PBXFileReference; includeInIndex = 1; lastKnownFileType = text.xcconfig; name = "Pods-DeeDao.release.xcconfig"; path = "Pods/Target Support Files/Pods-DeeDao/Pods-DeeDao.release.xcconfig"; sourceTree = "<group>"; };
/* End PBXFileReference section */

/* Begin PBXFrameworksBuildPhase section */
		06733F2C20A28BD9007875A7 /* Frameworks */ = {
			isa = PBXFrameworksBuildPhase;
			buildActionMask = 2147483647;
			files = (
				822B904317B24E8CB3084F2A /* libPods-DeeDao.a in Frameworks */,
			);
			runOnlyForDeploymentPostprocessing = 0;
		};
		06733F4420A28BDA007875A7 /* Frameworks */ = {
			isa = PBXFrameworksBuildPhase;
			buildActionMask = 2147483647;
			files = (
			);
			runOnlyForDeploymentPostprocessing = 0;
		};
		06733F4F20A28BDB007875A7 /* Frameworks */ = {
			isa = PBXFrameworksBuildPhase;
			buildActionMask = 2147483647;
			files = (
			);
			runOnlyForDeploymentPostprocessing = 0;
		};
/* End PBXFrameworksBuildPhase section */

/* Begin PBXGroup section */
		0542BC9313DD6CAF50653633 /* Frameworks */ = {
			isa = PBXGroup;
			children = (
				878A1AB71FF79C284E55F448 /* libPods-DeeDao.a */,
			);
			name = Frameworks;
			sourceTree = "<group>";
		};
		06301B3720A6D2FE003580CA /* XFAVFoundation */ = {
			isa = PBXGroup;
			children = (
				06301B3820A6D309003580CA /* XFAVFoundation */,
				06301B3F20A6D309003580CA /* XFPhotoLibraryManager */,
			);
			path = XFAVFoundation;
			sourceTree = "<group>";
		};
		06301B3820A6D309003580CA /* XFAVFoundation */ = {
			isa = PBXGroup;
			children = (
				06301B3920A6D309003580CA /* XFCameraButton */,
				06301B3E20A6D309003580CA /* XFCameraController.h */,
				06301B3C20A6D309003580CA /* XFCameraController.m */,
				06301B3D20A6D309003580CA /* XFCameraController.xib */,
			);
			path = XFAVFoundation;
			sourceTree = "<group>";
		};
		06301B3920A6D309003580CA /* XFCameraButton */ = {
			isa = PBXGroup;
			children = (
				06301B3A20A6D309003580CA /* XFCameraButton.m */,
				06301B3B20A6D309003580CA /* XFCameraButton.h */,
			);
			path = XFCameraButton;
			sourceTree = "<group>";
		};
		06301B3F20A6D309003580CA /* XFPhotoLibraryManager */ = {
			isa = PBXGroup;
			children = (
				06301B4020A6D309003580CA /* XFPhotoLibraryManager.h */,
				06301B4120A6D309003580CA /* XFPhotoLibraryManager.m */,
			);
			path = XFPhotoLibraryManager;
			sourceTree = "<group>";
		};
		064F0B4020A4896D007C0A4F /* tableView */ = {
			isa = PBXGroup;
			children = (
				064F0B3D20A48233007C0A4F /* MineHeaderView.h */,
				064F0B3E20A48233007C0A4F /* MineHeaderView.m */,
				064F0B4120A4898C007C0A4F /* MainTableViewCell.h */,
				064F0B4220A4898C007C0A4F /* MainTableViewCell.m */,
				064F0B4C20A49A59007C0A4F /* MineEditTableViewCell.h */,
				064F0B4D20A49A59007C0A4F /* MineEditTableViewCell.m */,
				06FCD63520A55C8F00E6EAA4 /* DTieEditTableViewCell.h */,
				06FCD63620A55C8F00E6EAA4 /* DTieEditTableViewCell.m */,
				06FCD63B20A5A9E600E6EAA4 /* DTieEditTextTableViewCell.h */,
				06FCD63C20A5A9E600E6EAA4 /* DTieEditTextTableViewCell.m */,
				06FCD63E20A5B03A00E6EAA4 /* DTieEditImageTableViewCell.h */,
				06FCD63F20A5B03A00E6EAA4 /* DTieEditImageTableViewCell.m */,
				064F0B4F20A49ADC007C0A4F /* DDEditTextField.h */,
				064F0B5020A49ADC007C0A4F /* DDEditTextField.m */,
				06301B4620A6E07E003580CA /* DTieEditFooterView.h */,
				06301B4720A6E07E003580CA /* DTieEditFooterView.m */,
			);
			path = tableView;
			sourceTree = "<group>";
		};
		064F0B4820A49672007C0A4F /* Mine */ = {
			isa = PBXGroup;
			children = (
				064F0B4920A49682007C0A4F /* MineInfoViewController.h */,
				064F0B4A20A49682007C0A4F /* MineInfoViewController.m */,
				06FCD62620A53F7300E6EAA4 /* DTieEditViewController.h */,
				06FCD62720A53F7300E6EAA4 /* DTieEditViewController.m */,
				06FCD63820A5844200E6EAA4 /* DTieEditTextViewController.h */,
				06FCD63920A5844200E6EAA4 /* DTieEditTextViewController.m */,
				06301B4920A88242003580CA /* MYWalletViewController.h */,
				06301B4A20A88242003580CA /* MYWalletViewController.m */,
				06301B4C20A89091003580CA /* AchievementViewController.h */,
				06301B4D20A89091003580CA /* AchievementViewController.m */,
			);
			path = Mine;
			sourceTree = "<group>";
		};
		06733F2620A28BD9007875A7 = {
			isa = PBXGroup;
			children = (
				06733F3120A28BD9007875A7 /* DeeDao */,
				06733F4A20A28BDA007875A7 /* DeeDaoTests */,
				06733F5520A28BDB007875A7 /* DeeDaoUITests */,
				06733F3020A28BD9007875A7 /* Products */,
				C3BC52864BA7FA3B47109D40 /* Pods */,
				0542BC9313DD6CAF50653633 /* Frameworks */,
			);
			sourceTree = "<group>";
		};
		06733F3020A28BD9007875A7 /* Products */ = {
			isa = PBXGroup;
			children = (
				06733F2F20A28BD9007875A7 /* DeeDao.app */,
				06733F4720A28BDA007875A7 /* DeeDaoTests.xctest */,
				06733F5220A28BDB007875A7 /* DeeDaoUITests.xctest */,
			);
			name = Products;
			sourceTree = "<group>";
		};
		06733F3120A28BD9007875A7 /* DeeDao */ = {
			isa = PBXGroup;
			children = (
				06733F3220A28BD9007875A7 /* AppDelegate.h */,
				06733F3320A28BD9007875A7 /* AppDelegate.m */,
				06733F6620A29170007875A7 /* Model */,
				06733F6520A29168007875A7 /* View */,
				06733F6420A2915F007875A7 /* Controller */,
				06733F8120A2C163007875A7 /* NetWork */,
				06733F7620A29F64007875A7 /* Tool */,
				06733F9120A2D021007875A7 /* Category */,
				06733F8620A2C40D007875A7 /* Helper */,
				06733F7420A296DF007875A7 /* Macro */,
				06733F6C20A29343007875A7 /* Resource */,
				06733F3B20A28BDA007875A7 /* Assets.xcassets */,
				06733F3D20A28BDA007875A7 /* LaunchScreen.storyboard */,
				06733F4020A28BDA007875A7 /* Info.plist */,
				06733F4120A28BDA007875A7 /* main.m */,
			);
			path = DeeDao;
			sourceTree = "<group>";
		};
		06733F4A20A28BDA007875A7 /* DeeDaoTests */ = {
			isa = PBXGroup;
			children = (
				06733F4B20A28BDA007875A7 /* DeeDaoTests.m */,
				06733F4D20A28BDB007875A7 /* Info.plist */,
			);
			path = DeeDaoTests;
			sourceTree = "<group>";
		};
		06733F5520A28BDB007875A7 /* DeeDaoUITests */ = {
			isa = PBXGroup;
			children = (
				06733F5620A28BDB007875A7 /* DeeDaoUITests.m */,
				06733F5820A28BDB007875A7 /* Info.plist */,
			);
			path = DeeDaoUITests;
			sourceTree = "<group>";
		};
		06733F6420A2915F007875A7 /* Controller */ = {
			isa = PBXGroup;
			children = (
				06FCD62520A53F4C00E6EAA4 /* DTie */,
				064F0B4820A49672007C0A4F /* Mine */,
				06733F6820A291AB007875A7 /* Base */,
				06733F6720A29193007875A7 /* HomePage */,
			);
			path = Controller;
			sourceTree = "<group>";
		};
		06733F6520A29168007875A7 /* View */ = {
			isa = PBXGroup;
			children = (
				064F0B4020A4896D007C0A4F /* tableView */,
				06790B3420A3ECD000929228 /* CollectionView */,
				06733F7D20A2A755007875A7 /* HomePage */,
			);
			path = View;
			sourceTree = "<group>";
		};
		06733F6620A29170007875A7 /* Model */ = {
			isa = PBXGroup;
			children = (
				06FCD62920A54C7000E6EAA4 /* DTie */,
				06790B3B20A4417900929228 /* NetWorkModel */,
				06733F9520A2D707007875A7 /* User */,
			);
			path = Model;
			sourceTree = "<group>";
		};
		06733F6720A29193007875A7 /* HomePage */ = {
			isa = PBXGroup;
			children = (
				06733F7B20A2A73C007875A7 /* DDTabBarController.h */,
				06733F7A20A2A73B007875A7 /* DDTabBarController.m */,
				06733F7120A293B9007875A7 /* LoginViewController.h */,
				06733F7220A293B9007875A7 /* LoginViewController.m */,
				06733FA320A30D72007875A7 /* DDDTieViewController.h */,
				06733FA420A30D72007875A7 /* DDDTieViewController.m */,
				06DAB76320A34C880055FA60 /* DDFoundViewController.h */,
				06DAB76420A34C880055FA60 /* DDFoundViewController.m */,
				06DAB76620A3539A0055FA60 /* DDMailViewController.h */,
				06DAB76720A3539A0055FA60 /* DDMailViewController.m */,
				06DAB76920A35A120055FA60 /* DDMineViewController.h */,
				06DAB76A20A35A120055FA60 /* DDMineViewController.m */,
			);
			path = HomePage;
			sourceTree = "<group>";
		};
		06733F6820A291AB007875A7 /* Base */ = {
			isa = PBXGroup;
			children = (
				06733F6920A291C0007875A7 /* DDViewController.h */,
				06733F6A20A291C0007875A7 /* DDViewController.m */,
				06733FA920A316A8007875A7 /* DDTabHomeViewController.h */,
				06733FAA20A316A8007875A7 /* DDTabHomeViewController.m */,
				06733FA620A30DD5007875A7 /* DDNavigationViewController.h */,
				06733FA720A30DD5007875A7 /* DDNavigationViewController.m */,
			);
			path = Base;
			sourceTree = "<group>";
		};
		06733F6C20A29343007875A7 /* Resource */ = {
			isa = PBXGroup;
			children = (
				06733F6D20A2934B007875A7 /* Image */,
			);
			path = Resource;
			sourceTree = "<group>";
		};
		06733F6D20A2934B007875A7 /* Image */ = {
			isa = PBXGroup;
			children = (
				06733F6F20A29379007875A7 /* BG.png */,
			);
			path = Image;
			sourceTree = "<group>";
		};
		06733F7420A296DF007875A7 /* Macro */ = {
			isa = PBXGroup;
			children = (
				06733F7520A29715007875A7 /* DeeDaoPCH.pch */,
			);
			path = Macro;
			sourceTree = "<group>";
		};
		06733F7620A29F64007875A7 /* Tool */ = {
			isa = PBXGroup;
			children = (
				06733F7720A29FDF007875A7 /* DDViewFactoryTool.h */,
				06733F7820A29FDF007875A7 /* DDViewFactoryTool.m */,
				06733F8E20A2CB26007875A7 /* DDTool.h */,
				06733F8F20A2CB26007875A7 /* DDTool.m */,
			);
			path = Tool;
			sourceTree = "<group>";
		};
		06733F7D20A2A755007875A7 /* HomePage */ = {
			isa = PBXGroup;
			children = (
				06733F7F20A2A767007875A7 /* DDTabBar.h */,
				06733F7E20A2A767007875A7 /* DDTabBar.m */,
			);
			path = HomePage;
			sourceTree = "<group>";
		};
		06733F8120A2C163007875A7 /* NetWork */ = {
			isa = PBXGroup;
			children = (
				06733F8220A2C17D007875A7 /* DDNetworkConfiguration.h */,
				06733F8320A2C17D007875A7 /* DDNetworkConfiguration.m */,
				06733F9C20A2EB30007875A7 /* User */,
			);
			path = NetWork;
			sourceTree = "<group>";
		};
		06733F8620A2C40D007875A7 /* Helper */ = {
			isa = PBXGroup;
			children = (
				06301B3720A6D2FE003580CA /* XFAVFoundation */,
				06FCD63120A5528500E6EAA4 /* RDTextView */,
				06733F8720A2C423007875A7 /* DesUtil */,
			);
			path = Helper;
			sourceTree = "<group>";
		};
		06733F8720A2C423007875A7 /* DesUtil */ = {
			isa = PBXGroup;
			children = (
				06733F8820A2C423007875A7 /* DesUtil.h */,
				06733F8920A2C423007875A7 /* ConverUtil.m */,
				06733F8A20A2C423007875A7 /* ConverUtil.h */,
				06733F8B20A2C423007875A7 /* DesUtil.m */,
			);
			path = DesUtil;
			sourceTree = "<group>";
		};
		06733F9120A2D021007875A7 /* Category */ = {
			isa = PBXGroup;
			children = (
				06733F9220A2D042007875A7 /* MBProgressHUD+DDHUD.h */,
				06733F9320A2D042007875A7 /* MBProgressHUD+DDHUD.m */,
			);
			path = Category;
			sourceTree = "<group>";
		};
		06733F9520A2D707007875A7 /* User */ = {
			isa = PBXGroup;
			children = (
				06733F9620A2D748007875A7 /* UserManager.h */,
				06733F9720A2D748007875A7 /* UserManager.m */,
				06733FA020A2FD77007875A7 /* UserModel.h */,
				06733FA120A2FD77007875A7 /* UserModel.m */,
				06733F9920A2E82D007875A7 /* WeChatManager.h */,
				06733F9A20A2E82D007875A7 /* WeChatManager.m */,
				064F0B4420A489BB007C0A4F /* MineMenuModel.h */,
				064F0B4520A489BB007C0A4F /* MineMenuModel.m */,
			);
			path = User;
			sourceTree = "<group>";
		};
		06733F9C20A2EB30007875A7 /* User */ = {
			isa = PBXGroup;
			children = (
				06733F9D20A2EB4D007875A7 /* UserLoginWXRequest.h */,
				06733F9E20A2EB4D007875A7 /* UserLoginWXRequest.m */,
			);
			path = User;
			sourceTree = "<group>";
		};
		06790B3420A3ECD000929228 /* CollectionView */ = {
			isa = PBXGroup;
			children = (
				06790B3520A3ECEE00929228 /* DTieCollectionViewCell.h */,
				06790B3620A3ECEE00929228 /* DTieCollectionViewCell.m */,
				06301B4F20A89118003580CA /* AchievementCollectionCell.h */,
				06301B5020A89118003580CA /* AchievementCollectionCell.m */,
			);
			path = CollectionView;
			sourceTree = "<group>";
		};
		06790B3B20A4417900929228 /* NetWorkModel */ = {
			isa = PBXGroup;
			children = (
				06790B3C20A4418A00929228 /* DTieModel.h */,
				06790B3D20A4418A00929228 /* DTieModel.m */,
			);
			path = NetWorkModel;
			sourceTree = "<group>";
		};
		06FCD62520A53F4C00E6EAA4 /* DTie */ = {
			isa = PBXGroup;
			children = (
			);
			path = DTie;
			sourceTree = "<group>";
		};
		06FCD62920A54C7000E6EAA4 /* DTie */ = {
			isa = PBXGroup;
			children = (
				06FCD62A20A54C8500E6EAA4 /* DTieEditModel.h */,
				06FCD62B20A54C8500E6EAA4 /* DTieEditModel.m */,
			);
			path = DTie;
			sourceTree = "<group>";
		};
		06FCD63120A5528500E6EAA4 /* RDTextView */ = {
			isa = PBXGroup;
			children = (
				06FCD63320A5528500E6EAA4 /* RDTextView.h */,
				06FCD63220A5528500E6EAA4 /* RDTextView.m */,
			);
			path = RDTextView;
			sourceTree = "<group>";
		};
		C3BC52864BA7FA3B47109D40 /* Pods */ = {
			isa = PBXGroup;
			children = (
				BD1D15A13B00DC07B1DE46A2 /* Pods-DeeDao.debug.xcconfig */,
				F5C498393C9A7DEB14D7B28F /* Pods-DeeDao.release.xcconfig */,
			);
			name = Pods;
			sourceTree = "<group>";
		};
/* End PBXGroup section */

/* Begin PBXNativeTarget section */
		06733F2E20A28BD9007875A7 /* DeeDao */ = {
			isa = PBXNativeTarget;
			buildConfigurationList = 06733F5B20A28BDB007875A7 /* Build configuration list for PBXNativeTarget "DeeDao" */;
			buildPhases = (
				FCE0EA87E06CE425055AFD82 /* [CP] Check Pods Manifest.lock */,
				06733F2B20A28BD9007875A7 /* Sources */,
				06733F2C20A28BD9007875A7 /* Frameworks */,
				06733F2D20A28BD9007875A7 /* Resources */,
			);
			buildRules = (
			);
			dependencies = (
			);
			name = DeeDao;
			productName = DeeDao;
			productReference = 06733F2F20A28BD9007875A7 /* DeeDao.app */;
			productType = "com.apple.product-type.application";
		};
		06733F4620A28BDA007875A7 /* DeeDaoTests */ = {
			isa = PBXNativeTarget;
			buildConfigurationList = 06733F5E20A28BDB007875A7 /* Build configuration list for PBXNativeTarget "DeeDaoTests" */;
			buildPhases = (
				06733F4320A28BDA007875A7 /* Sources */,
				06733F4420A28BDA007875A7 /* Frameworks */,
				06733F4520A28BDA007875A7 /* Resources */,
			);
			buildRules = (
			);
			dependencies = (
				06733F4920A28BDA007875A7 /* PBXTargetDependency */,
			);
			name = DeeDaoTests;
			productName = DeeDaoTests;
			productReference = 06733F4720A28BDA007875A7 /* DeeDaoTests.xctest */;
			productType = "com.apple.product-type.bundle.unit-test";
		};
		06733F5120A28BDB007875A7 /* DeeDaoUITests */ = {
			isa = PBXNativeTarget;
			buildConfigurationList = 06733F6120A28BDB007875A7 /* Build configuration list for PBXNativeTarget "DeeDaoUITests" */;
			buildPhases = (
				06733F4E20A28BDB007875A7 /* Sources */,
				06733F4F20A28BDB007875A7 /* Frameworks */,
				06733F5020A28BDB007875A7 /* Resources */,
			);
			buildRules = (
			);
			dependencies = (
				06733F5420A28BDB007875A7 /* PBXTargetDependency */,
			);
			name = DeeDaoUITests;
			productName = DeeDaoUITests;
			productReference = 06733F5220A28BDB007875A7 /* DeeDaoUITests.xctest */;
			productType = "com.apple.product-type.bundle.ui-testing";
		};
/* End PBXNativeTarget section */

/* Begin PBXProject section */
		06733F2720A28BD9007875A7 /* Project object */ = {
			isa = PBXProject;
			attributes = {
				LastUpgradeCheck = 0930;
				ORGANIZATIONNAME = "郭春城";
				TargetAttributes = {
					06733F2E20A28BD9007875A7 = {
						CreatedOnToolsVersion = 9.3;
					};
					06733F4620A28BDA007875A7 = {
						CreatedOnToolsVersion = 9.3;
						TestTargetID = 06733F2E20A28BD9007875A7;
					};
					06733F5120A28BDB007875A7 = {
						CreatedOnToolsVersion = 9.3;
						TestTargetID = 06733F2E20A28BD9007875A7;
					};
				};
			};
			buildConfigurationList = 06733F2A20A28BD9007875A7 /* Build configuration list for PBXProject "DeeDao" */;
			compatibilityVersion = "Xcode 9.3";
			developmentRegion = en;
			hasScannedForEncodings = 0;
			knownRegions = (
				en,
				Base,
			);
			mainGroup = 06733F2620A28BD9007875A7;
			productRefGroup = 06733F3020A28BD9007875A7 /* Products */;
			projectDirPath = "";
			projectRoot = "";
			targets = (
				06733F2E20A28BD9007875A7 /* DeeDao */,
				06733F4620A28BDA007875A7 /* DeeDaoTests */,
				06733F5120A28BDB007875A7 /* DeeDaoUITests */,
			);
		};
/* End PBXProject section */

/* Begin PBXResourcesBuildPhase section */
		06733F2D20A28BD9007875A7 /* Resources */ = {
			isa = PBXResourcesBuildPhase;
			buildActionMask = 2147483647;
			files = (
				06733F3F20A28BDA007875A7 /* LaunchScreen.storyboard in Resources */,
				06733F3C20A28BDA007875A7 /* Assets.xcassets in Resources */,
				06301B4420A6D309003580CA /* XFCameraController.xib in Resources */,
				06733F7020A29379007875A7 /* BG.png in Resources */,
			);
			runOnlyForDeploymentPostprocessing = 0;
		};
		06733F4520A28BDA007875A7 /* Resources */ = {
			isa = PBXResourcesBuildPhase;
			buildActionMask = 2147483647;
			files = (
			);
			runOnlyForDeploymentPostprocessing = 0;
		};
		06733F5020A28BDB007875A7 /* Resources */ = {
			isa = PBXResourcesBuildPhase;
			buildActionMask = 2147483647;
			files = (
			);
			runOnlyForDeploymentPostprocessing = 0;
		};
/* End PBXResourcesBuildPhase section */

/* Begin PBXShellScriptBuildPhase section */
		FCE0EA87E06CE425055AFD82 /* [CP] Check Pods Manifest.lock */ = {
			isa = PBXShellScriptBuildPhase;
			buildActionMask = 2147483647;
			files = (
			);
			inputPaths = (
				"${PODS_PODFILE_DIR_PATH}/Podfile.lock",
				"${PODS_ROOT}/Manifest.lock",
			);
			name = "[CP] Check Pods Manifest.lock";
			outputPaths = (
				"$(DERIVED_FILE_DIR)/Pods-DeeDao-checkManifestLockResult.txt",
			);
			runOnlyForDeploymentPostprocessing = 0;
			shellPath = /bin/sh;
			shellScript = "diff \"${PODS_PODFILE_DIR_PATH}/Podfile.lock\" \"${PODS_ROOT}/Manifest.lock\" > /dev/null\nif [ $? != 0 ] ; then\n    # print error to STDERR\n    echo \"error: The sandbox is not in sync with the Podfile.lock. Run 'pod install' or update your CocoaPods installation.\" >&2\n    exit 1\nfi\n# This output is used by Xcode 'outputs' to avoid re-running this script phase.\necho \"SUCCESS\" > \"${SCRIPT_OUTPUT_FILE_0}\"\n";
			showEnvVarsInLog = 0;
		};
/* End PBXShellScriptBuildPhase section */

/* Begin PBXSourcesBuildPhase section */
		06733F2B20A28BD9007875A7 /* Sources */ = {
			isa = PBXSourcesBuildPhase;
			buildActionMask = 2147483647;
			files = (
				06733FAB20A316A8007875A7 /* DDTabHomeViewController.m in Sources */,
				06733F9820A2D748007875A7 /* UserManager.m in Sources */,
				06790B3720A3ECEE00929228 /* DTieCollectionViewCell.m in Sources */,
				06733F7320A293B9007875A7 /* LoginViewController.m in Sources */,
				06301B4820A6E07E003580CA /* DTieEditFooterView.m in Sources */,
				06733F7C20A2A73C007875A7 /* DDTabBarController.m in Sources */,
				06733F9F20A2EB4D007875A7 /* UserLoginWXRequest.m in Sources */,
				064F0B4320A4898C007C0A4F /* MainTableViewCell.m in Sources */,
				06FCD63720A55C8F00E6EAA4 /* DTieEditTableViewCell.m in Sources */,
				06301B4320A6D309003580CA /* XFCameraController.m in Sources */,
				06FCD62C20A54C8500E6EAA4 /* DTieEditModel.m in Sources */,
				06FCD64020A5B03A00E6EAA4 /* DTieEditImageTableViewCell.m in Sources */,
				064F0B5120A49ADC007C0A4F /* DDEditTextField.m in Sources */,
				06733F8020A2A767007875A7 /* DDTabBar.m in Sources */,
				06733F7920A29FDF007875A7 /* DDViewFactoryTool.m in Sources */,
				06733FA220A2FD77007875A7 /* UserModel.m in Sources */,
				064F0B4E20A49A59007C0A4F /* MineEditTableViewCell.m in Sources */,
				06DAB76820A3539A0055FA60 /* DDMailViewController.m in Sources */,
				06733F9B20A2E82D007875A7 /* WeChatManager.m in Sources */,
				06733F8D20A2C423007875A7 /* DesUtil.m in Sources */,
				06733F4220A28BDA007875A7 /* main.m in Sources */,
				06790B3E20A4418A00929228 /* DTieModel.m in Sources */,
				06FCD63420A5528500E6EAA4 /* RDTextView.m in Sources */,
				064F0B4B20A49682007C0A4F /* MineInfoViewController.m in Sources */,
				06FCD63A20A5844200E6EAA4 /* DTieEditTextViewController.m in Sources */,
				06301B4B20A88242003580CA /* MYWalletViewController.m in Sources */,
				06301B4E20A89091003580CA /* AchievementViewController.m in Sources */,
				06733FA820A30DD5007875A7 /* DDNavigationViewController.m in Sources */,
				06733F8C20A2C423007875A7 /* ConverUtil.m in Sources */,
				06733F8420A2C17D007875A7 /* DDNetworkConfiguration.m in Sources */,
				064F0B4620A489BB007C0A4F /* MineMenuModel.m in Sources */,
				06733F6B20A291C0007875A7 /* DDViewController.m in Sources */,
				06FCD62820A53F7300E6EAA4 /* DTieEditViewController.m in Sources */,
				06733F9420A2D042007875A7 /* MBProgressHUD+DDHUD.m in Sources */,
				06301B4220A6D309003580CA /* XFCameraButton.m in Sources */,
				06DAB76B20A35A120055FA60 /* DDMineViewController.m in Sources */,
				06FCD63D20A5A9E600E6EAA4 /* DTieEditTextTableViewCell.m in Sources */,
				06301B4520A6D309003580CA /* XFPhotoLibraryManager.m in Sources */,
				064F0B3F20A48233007C0A4F /* MineHeaderView.m in Sources */,
				06301B5120A89118003580CA /* AchievementCollectionCell.m in Sources */,
				06733FA520A30D72007875A7 /* DDDTieViewController.m in Sources */,
				06DAB76520A34C880055FA60 /* DDFoundViewController.m in Sources */,
				06733F3420A28BD9007875A7 /* AppDelegate.m in Sources */,
				06733F9020A2CB26007875A7 /* DDTool.m in Sources */,
			);
			runOnlyForDeploymentPostprocessing = 0;
		};
		06733F4320A28BDA007875A7 /* Sources */ = {
			isa = PBXSourcesBuildPhase;
			buildActionMask = 2147483647;
			files = (
				06733F4C20A28BDA007875A7 /* DeeDaoTests.m in Sources */,
			);
			runOnlyForDeploymentPostprocessing = 0;
		};
		06733F4E20A28BDB007875A7 /* Sources */ = {
			isa = PBXSourcesBuildPhase;
			buildActionMask = 2147483647;
			files = (
				06733F5720A28BDB007875A7 /* DeeDaoUITests.m in Sources */,
			);
			runOnlyForDeploymentPostprocessing = 0;
		};
/* End PBXSourcesBuildPhase section */

/* Begin PBXTargetDependency section */
		06733F4920A28BDA007875A7 /* PBXTargetDependency */ = {
			isa = PBXTargetDependency;
			target = 06733F2E20A28BD9007875A7 /* DeeDao */;
			targetProxy = 06733F4820A28BDA007875A7 /* PBXContainerItemProxy */;
		};
		06733F5420A28BDB007875A7 /* PBXTargetDependency */ = {
			isa = PBXTargetDependency;
			target = 06733F2E20A28BD9007875A7 /* DeeDao */;
			targetProxy = 06733F5320A28BDB007875A7 /* PBXContainerItemProxy */;
		};
/* End PBXTargetDependency section */

/* Begin PBXVariantGroup section */
		06733F3D20A28BDA007875A7 /* LaunchScreen.storyboard */ = {
			isa = PBXVariantGroup;
			children = (
				06733F3E20A28BDA007875A7 /* Base */,
			);
			name = LaunchScreen.storyboard;
			sourceTree = "<group>";
		};
/* End PBXVariantGroup section */

/* Begin XCBuildConfiguration section */
		06733F5920A28BDB007875A7 /* Debug */ = {
			isa = XCBuildConfiguration;
			buildSettings = {
				ALWAYS_SEARCH_USER_PATHS = NO;
				CLANG_ANALYZER_NONNULL = YES;
				CLANG_ANALYZER_NUMBER_OBJECT_CONVERSION = YES_AGGRESSIVE;
				CLANG_CXX_LANGUAGE_STANDARD = "gnu++14";
				CLANG_CXX_LIBRARY = "libc++";
				CLANG_ENABLE_MODULES = YES;
				CLANG_ENABLE_OBJC_ARC = YES;
				CLANG_ENABLE_OBJC_WEAK = YES;
				CLANG_WARN_BLOCK_CAPTURE_AUTORELEASING = YES;
				CLANG_WARN_BOOL_CONVERSION = YES;
				CLANG_WARN_COMMA = YES;
				CLANG_WARN_CONSTANT_CONVERSION = YES;
				CLANG_WARN_DEPRECATED_OBJC_IMPLEMENTATIONS = YES;
				CLANG_WARN_DIRECT_OBJC_ISA_USAGE = YES_ERROR;
				CLANG_WARN_DOCUMENTATION_COMMENTS = YES;
				CLANG_WARN_EMPTY_BODY = YES;
				CLANG_WARN_ENUM_CONVERSION = YES;
				CLANG_WARN_INFINITE_RECURSION = YES;
				CLANG_WARN_INT_CONVERSION = YES;
				CLANG_WARN_NON_LITERAL_NULL_CONVERSION = YES;
				CLANG_WARN_OBJC_IMPLICIT_RETAIN_SELF = YES;
				CLANG_WARN_OBJC_LITERAL_CONVERSION = YES;
				CLANG_WARN_OBJC_ROOT_CLASS = YES_ERROR;
				CLANG_WARN_RANGE_LOOP_ANALYSIS = YES;
				CLANG_WARN_STRICT_PROTOTYPES = YES;
				CLANG_WARN_SUSPICIOUS_MOVE = YES;
				CLANG_WARN_UNGUARDED_AVAILABILITY = YES_AGGRESSIVE;
				CLANG_WARN_UNREACHABLE_CODE = YES;
				CLANG_WARN__DUPLICATE_METHOD_MATCH = YES;
				CODE_SIGN_IDENTITY = "iPhone Developer";
				COPY_PHASE_STRIP = NO;
				DEBUG_INFORMATION_FORMAT = dwarf;
				ENABLE_STRICT_OBJC_MSGSEND = YES;
				ENABLE_TESTABILITY = YES;
				GCC_C_LANGUAGE_STANDARD = gnu11;
				GCC_DYNAMIC_NO_PIC = NO;
				GCC_NO_COMMON_BLOCKS = YES;
				GCC_OPTIMIZATION_LEVEL = 0;
				GCC_PREPROCESSOR_DEFINITIONS = (
					"DEBUG=1",
					"$(inherited)",
				);
				GCC_WARN_64_TO_32_BIT_CONVERSION = YES;
				GCC_WARN_ABOUT_RETURN_TYPE = YES_ERROR;
				GCC_WARN_UNDECLARED_SELECTOR = YES;
				GCC_WARN_UNINITIALIZED_AUTOS = YES_AGGRESSIVE;
				GCC_WARN_UNUSED_FUNCTION = YES;
				GCC_WARN_UNUSED_VARIABLE = YES;
				IPHONEOS_DEPLOYMENT_TARGET = 11.3;
				MTL_ENABLE_DEBUG_INFO = YES;
				ONLY_ACTIVE_ARCH = YES;
				SDKROOT = iphoneos;
			};
			name = Debug;
		};
		06733F5A20A28BDB007875A7 /* Release */ = {
			isa = XCBuildConfiguration;
			buildSettings = {
				ALWAYS_SEARCH_USER_PATHS = NO;
				CLANG_ANALYZER_NONNULL = YES;
				CLANG_ANALYZER_NUMBER_OBJECT_CONVERSION = YES_AGGRESSIVE;
				CLANG_CXX_LANGUAGE_STANDARD = "gnu++14";
				CLANG_CXX_LIBRARY = "libc++";
				CLANG_ENABLE_MODULES = YES;
				CLANG_ENABLE_OBJC_ARC = YES;
				CLANG_ENABLE_OBJC_WEAK = YES;
				CLANG_WARN_BLOCK_CAPTURE_AUTORELEASING = YES;
				CLANG_WARN_BOOL_CONVERSION = YES;
				CLANG_WARN_COMMA = YES;
				CLANG_WARN_CONSTANT_CONVERSION = YES;
				CLANG_WARN_DEPRECATED_OBJC_IMPLEMENTATIONS = YES;
				CLANG_WARN_DIRECT_OBJC_ISA_USAGE = YES_ERROR;
				CLANG_WARN_DOCUMENTATION_COMMENTS = YES;
				CLANG_WARN_EMPTY_BODY = YES;
				CLANG_WARN_ENUM_CONVERSION = YES;
				CLANG_WARN_INFINITE_RECURSION = YES;
				CLANG_WARN_INT_CONVERSION = YES;
				CLANG_WARN_NON_LITERAL_NULL_CONVERSION = YES;
				CLANG_WARN_OBJC_IMPLICIT_RETAIN_SELF = YES;
				CLANG_WARN_OBJC_LITERAL_CONVERSION = YES;
				CLANG_WARN_OBJC_ROOT_CLASS = YES_ERROR;
				CLANG_WARN_RANGE_LOOP_ANALYSIS = YES;
				CLANG_WARN_STRICT_PROTOTYPES = YES;
				CLANG_WARN_SUSPICIOUS_MOVE = YES;
				CLANG_WARN_UNGUARDED_AVAILABILITY = YES_AGGRESSIVE;
				CLANG_WARN_UNREACHABLE_CODE = YES;
				CLANG_WARN__DUPLICATE_METHOD_MATCH = YES;
				CODE_SIGN_IDENTITY = "iPhone Developer";
				COPY_PHASE_STRIP = NO;
				DEBUG_INFORMATION_FORMAT = "dwarf-with-dsym";
				ENABLE_NS_ASSERTIONS = NO;
				ENABLE_STRICT_OBJC_MSGSEND = YES;
				GCC_C_LANGUAGE_STANDARD = gnu11;
				GCC_NO_COMMON_BLOCKS = YES;
				GCC_WARN_64_TO_32_BIT_CONVERSION = YES;
				GCC_WARN_ABOUT_RETURN_TYPE = YES_ERROR;
				GCC_WARN_UNDECLARED_SELECTOR = YES;
				GCC_WARN_UNINITIALIZED_AUTOS = YES_AGGRESSIVE;
				GCC_WARN_UNUSED_FUNCTION = YES;
				GCC_WARN_UNUSED_VARIABLE = YES;
				IPHONEOS_DEPLOYMENT_TARGET = 11.3;
				MTL_ENABLE_DEBUG_INFO = NO;
				SDKROOT = iphoneos;
				VALIDATE_PRODUCT = YES;
			};
			name = Release;
		};
		06733F5C20A28BDB007875A7 /* Debug */ = {
			isa = XCBuildConfiguration;
			baseConfigurationReference = BD1D15A13B00DC07B1DE46A2 /* Pods-DeeDao.debug.xcconfig */;
			buildSettings = {
				ASSETCATALOG_COMPILER_APPICON_NAME = AppIcon;
				CODE_SIGN_STYLE = Manual;
				DEVELOPMENT_TEAM = 9U9L62FB58;
				GCC_PRECOMPILE_PREFIX_HEADER = YES;
				GCC_PREFIX_HEADER = DeeDao/Macro/DeeDaoPCH.pch;
				INFOPLIST_FILE = DeeDao/Info.plist;
				IPHONEOS_DEPLOYMENT_TARGET = 8.0;
				LD_RUNPATH_SEARCH_PATHS = (
					"$(inherited)",
					"@executable_path/Frameworks",
				);
				PRODUCT_BUNDLE_IDENTIFIER = com.deedao.appstore;
				PRODUCT_NAME = "$(TARGET_NAME)";
				PROVISIONING_PROFILE = "34b4ed69-bac3-4e71-a115-0dc9c1cb75bf";
				PROVISIONING_PROFILE_SPECIFIER = DeeDaoForAppstoreDev;
				TARGETED_DEVICE_FAMILY = "1,2";
			};
			name = Debug;
		};
		06733F5D20A28BDB007875A7 /* Release */ = {
			isa = XCBuildConfiguration;
			baseConfigurationReference = F5C498393C9A7DEB14D7B28F /* Pods-DeeDao.release.xcconfig */;
			buildSettings = {
				ASSETCATALOG_COMPILER_APPICON_NAME = AppIcon;
				CODE_SIGN_IDENTITY = "iPhone Distribution";
				CODE_SIGN_STYLE = Manual;
				DEVELOPMENT_TEAM = 9U9L62FB58;
				GCC_PRECOMPILE_PREFIX_HEADER = YES;
				GCC_PREFIX_HEADER = DeeDao/Macro/DeeDaoPCH.pch;
				INFOPLIST_FILE = DeeDao/Info.plist;
				IPHONEOS_DEPLOYMENT_TARGET = 8.0;
				LD_RUNPATH_SEARCH_PATHS = (
					"$(inherited)",
					"@executable_path/Frameworks",
				);
				PRODUCT_BUNDLE_IDENTIFIER = com.deedao.appstore;
				PRODUCT_NAME = "$(TARGET_NAME)";
				PROVISIONING_PROFILE = "a40516ea-ec78-4b03-97c1-2215a75dbf1f";
				PROVISIONING_PROFILE_SPECIFIER = DeeDaoForAppstoreADHoc;
				TARGETED_DEVICE_FAMILY = "1,2";
			};
			name = Release;
		};
		06733F5F20A28BDB007875A7 /* Debug */ = {
			isa = XCBuildConfiguration;
			buildSettings = {
				BUNDLE_LOADER = "$(TEST_HOST)";
				CODE_SIGN_STYLE = Automatic;
				DEVELOPMENT_TEAM = R3XS58GX4T;
				INFOPLIST_FILE = DeeDaoTests/Info.plist;
				LD_RUNPATH_SEARCH_PATHS = (
					"$(inherited)",
					"@executable_path/Frameworks",
					"@loader_path/Frameworks",
				);
				PRODUCT_BUNDLE_IDENTIFIER = com.DeeDao.DeeDaoTests;
				PRODUCT_NAME = "$(TARGET_NAME)";
				TARGETED_DEVICE_FAMILY = "1,2";
				TEST_HOST = "$(BUILT_PRODUCTS_DIR)/DeeDao.app/DeeDao";
			};
			name = Debug;
		};
		06733F6020A28BDB007875A7 /* Release */ = {
			isa = XCBuildConfiguration;
			buildSettings = {
				BUNDLE_LOADER = "$(TEST_HOST)";
				CODE_SIGN_STYLE = Automatic;
				DEVELOPMENT_TEAM = R3XS58GX4T;
				INFOPLIST_FILE = DeeDaoTests/Info.plist;
				LD_RUNPATH_SEARCH_PATHS = (
					"$(inherited)",
					"@executable_path/Frameworks",
					"@loader_path/Frameworks",
				);
				PRODUCT_BUNDLE_IDENTIFIER = com.DeeDao.DeeDaoTests;
				PRODUCT_NAME = "$(TARGET_NAME)";
				TARGETED_DEVICE_FAMILY = "1,2";
				TEST_HOST = "$(BUILT_PRODUCTS_DIR)/DeeDao.app/DeeDao";
			};
			name = Release;
		};
		06733F6220A28BDB007875A7 /* Debug */ = {
			isa = XCBuildConfiguration;
			buildSettings = {
				CODE_SIGN_STYLE = Automatic;
				DEVELOPMENT_TEAM = R3XS58GX4T;
				INFOPLIST_FILE = DeeDaoUITests/Info.plist;
				LD_RUNPATH_SEARCH_PATHS = (
					"$(inherited)",
					"@executable_path/Frameworks",
					"@loader_path/Frameworks",
				);
				PRODUCT_BUNDLE_IDENTIFIER = com.DeeDao.DeeDaoUITests;
				PRODUCT_NAME = "$(TARGET_NAME)";
				TARGETED_DEVICE_FAMILY = "1,2";
				TEST_TARGET_NAME = DeeDao;
			};
			name = Debug;
		};
		06733F6320A28BDB007875A7 /* Release */ = {
			isa = XCBuildConfiguration;
			buildSettings = {
				CODE_SIGN_STYLE = Automatic;
				DEVELOPMENT_TEAM = R3XS58GX4T;
				INFOPLIST_FILE = DeeDaoUITests/Info.plist;
				LD_RUNPATH_SEARCH_PATHS = (
					"$(inherited)",
					"@executable_path/Frameworks",
					"@loader_path/Frameworks",
				);
				PRODUCT_BUNDLE_IDENTIFIER = com.DeeDao.DeeDaoUITests;
				PRODUCT_NAME = "$(TARGET_NAME)";
				TARGETED_DEVICE_FAMILY = "1,2";
				TEST_TARGET_NAME = DeeDao;
			};
			name = Release;
		};
/* End XCBuildConfiguration section */

/* Begin XCConfigurationList section */
		06733F2A20A28BD9007875A7 /* Build configuration list for PBXProject "DeeDao" */ = {
			isa = XCConfigurationList;
			buildConfigurations = (
				06733F5920A28BDB007875A7 /* Debug */,
				06733F5A20A28BDB007875A7 /* Release */,
			);
			defaultConfigurationIsVisible = 0;
			defaultConfigurationName = Release;
		};
		06733F5B20A28BDB007875A7 /* Build configuration list for PBXNativeTarget "DeeDao" */ = {
			isa = XCConfigurationList;
			buildConfigurations = (
				06733F5C20A28BDB007875A7 /* Debug */,
				06733F5D20A28BDB007875A7 /* Release */,
			);
			defaultConfigurationIsVisible = 0;
			defaultConfigurationName = Release;
		};
		06733F5E20A28BDB007875A7 /* Build configuration list for PBXNativeTarget "DeeDaoTests" */ = {
			isa = XCConfigurationList;
			buildConfigurations = (
				06733F5F20A28BDB007875A7 /* Debug */,
				06733F6020A28BDB007875A7 /* Release */,
			);
			defaultConfigurationIsVisible = 0;
			defaultConfigurationName = Release;
		};
		06733F6120A28BDB007875A7 /* Build configuration list for PBXNativeTarget "DeeDaoUITests" */ = {
			isa = XCConfigurationList;
			buildConfigurations = (
				06733F6220A28BDB007875A7 /* Debug */,
				06733F6320A28BDB007875A7 /* Release */,
			);
			defaultConfigurationIsVisible = 0;
			defaultConfigurationName = Release;
		};
/* End XCConfigurationList section */
	};
	rootObject = 06733F2720A28BD9007875A7 /* Project object */;
}
